<?xml version="1.0" encoding="utf-8"?>
<Project ToolsVersion="15.0" xmlns="http://schemas.microsoft.com/developer/msbuild/2003">
  <ItemGroup>
    <Filter Include="Common">
      <UniqueIdentifier>77775dae-b3d0-42de-a2cd-94389b8887b7</UniqueIdentifier>
    </Filter>
    <Filter Include="Assets">
      <UniqueIdentifier>2b9bffcf-a8cd-4f8b-9865-d2714c06789b</UniqueIdentifier>
      <Extensions>bmp;fbx;gif;jpg;jpeg;tga;tiff;tif;png</Extensions>
    </Filter>
    <Filter Include="UI">
      <UniqueIdentifier>{a1b2c3d4-e5f6-4a5b-9c8d-7e6f5a4b3c2d}</UniqueIdentifier>
    </Filter>
    <Filter Include="UI\Controls">
      <UniqueIdentifier>{b2c3d4e5-f6a7-4b6c-8d9e-0f1a2b3c4d5e}</UniqueIdentifier>
    </Filter>
  </ItemGroup>
  <ItemGroup>
    <ApplicationDefinition Include="App.xaml" />
  </ItemGroup>
  <ItemGroup>
    <ClCompile Include="pch.cpp" />
    <ClCompile Include="Services\SettingsService.cpp" />
    <ClCompile Include="Services\NavidromeService.cpp" />
    <ClCompile Include="Services\LyricsService.cpp" />
    <ClCompile Include="ViewModels\LyricsViewModel.cpp" />
    <ClCompile Include="ArtistsPage.xaml.cpp" />
    <ClCompile Include="AlbumsPage.xaml.cpp" />
    <ClCompile Include="TracksPage.xaml.cpp" />
    <ClCompile Include="Services\PlaybackService.cpp" />
    <ClCompile Include="Services\CastingService.cpp" />
    <ClCompile Include="Services\DebugLogger.cpp" />
    <ClCompile Include="Services\GamepadService.cpp" />
    <ClCompile Include="ViewModels\LibraryViewModel.cpp" />
    <ClCompile Include="Converters\ExplicitStatusConverter.cpp" />
    <ClCompile Include="Converters\RemoteSystemKindToIconConverter.cpp" />
    <ClCompile Include="Converters\BooleanToVisibilityConverter.cpp" />
    <ClCompile Include="UI\Controls\ThumbnailView.xaml.cpp">
      <Filter>UI\Controls</Filter>
    </ClCompile>
  </ItemGroup>
  <ItemGroup>
    <ClInclude Include="pch.h" />
    <ClInclude Include="Services\SettingsService.h" />
    <ClInclude Include="Services\NavidromeService.h" />
    <ClInclude Include="Models\LyricLine.h" />
    <ClInclude Include="Services\LyricsService.h" />
    <ClInclude Include="ViewModels\LyricsViewModel.h" />
    <ClInclude Include="Models\SharedModels.h" />
    <ClInclude Include="ArtistsPage.xaml.h" />
    <ClInclude Include="AlbumsPage.xaml.h" />
    <ClInclude Include="TracksPage.xaml.h" />
    <ClInclude Include="ViewModels\LibraryViewModel.h" />
    <ClInclude Include="Services\PlaybackService.h" />
    <ClInclude Include="Services\CastingService.h" />
    <ClInclude Include="Services\DebugLogger.h" />
    <ClInclude Include="Services\GamepadService.h" />
    <ClInclude Include="Converters\ExplicitStatusConverter.h" />
    <ClInclude Include="Converters\RemoteSystemKindToIconConverter.h" />
    <ClInclude Include="Converters\BooleanToVisibilityConverter.h" />
    <ClInclude Include="UI\Controls\ThumbnailView.xaml.h">
      <Filter>UI\Controls</Filter>
    </ClInclude>
  </ItemGroup>
  <ItemGroup>
    <Image Include="Assets\LockScreenLogo.scale-200.png">
      <Filter>Assets</Filter>
    </Image>
    <Image Include="Assets\SplashScreen.scale-200.png">
      <Filter>Assets</Filter>
    </Image>
    <Image Include="Assets\Square150x150Logo.scale-200.png">
      <Filter>Assets</Filter>
    </Image>
    <Image Include="Assets\Square44x44Logo.scale-200.png">
      <Filter>Assets</Filter>
    </Image>
    <Image Include="Assets\Square44x44Logo.targetsize-24_altform-unplated.png">
      <Filter>Assets</Filter>
    </Image>
    <Image Include="Assets\Wide310x150Logo.scale-200.png">
      <Filter>Assets</Filter>
    </Image>
    <Image Include="Assets\LargeTile.scale-100.png">
      <Filter>Assets</Filter>
    </Image>
    <Image Include="Assets\LargeTile.scale-125.png">
      <Filter>Assets</Filter>
    </Image>
    <Image Include="Assets\LargeTile.scale-150.png">
      <Filter>Assets</Filter>
    </Image>
    <Image Include="Assets\LargeTile.scale-200.png">
      <Filter>Assets</Filter>
    </Image>
    <Image Include="Assets\Square310x310Logo.scale-100.png">
      <Filter>Assets</Filter>
    </Image>
    <Image Include="Assets\Square150x150Logo.scale-400.png">
      <Filter>Assets</Filter>
    </Image>
    <Image Include="Assets\Square150x150Logo.scale-100.png">
      <Filter>Assets</Filter>
    </Image>
    <Image Include="Assets\Square150x150Logo.scale-150.png">
      <Filter>Assets</Filter>
    </Image>
    <Image Include="Assets\Square150x150Logo.scale-125.png">
      <Filter>Assets</Filter>
    </Image>
    <Image Include="Assets\Square44x44Logo.scale-400.png">
      <Filter>Assets</Filter>
    </Image>
    <Image Include="Assets\Square44x44Logo.scale-100.png">
      <Filter>Assets</Filter>
    </Image>
    <Image Include="Assets\SplashScreen.scale-400.png">
      <Filter>Assets</Filter>
    </Image>
    <Image Include="Assets\SplashScreen.scale-100.png">
      <Filter>Assets</Filter>
    </Image>
    <Image Include="Assets\BadgeLogo.scale-100.png">
      <Filter>Assets</Filter>
    </Image>
    <Image Include="Assets\BadgeLogo.scale-125.png">
      <Filter>Assets</Filter>
    </Image>
    <Image Include="Assets\BadgeLogo.scale-150.png">
      <Filter>Assets</Filter>
    </Image>
    <Image Include="Assets\BadgeLogo.scale-200.png">
      <Filter>Assets</Filter>
    </Image>
    <Image Include="Assets\BadgeLogo.scale-400.png">
      <Filter>Assets</Filter>
    </Image>
    <Image Include="Assets\StoreLogo.scale-100.png">
      <Filter>Assets</Filter>
    </Image>
    <Image Include="Assets\StoreLogo.scale-125.png">
      <Filter>Assets</Filter>
    </Image>
    <Image Include="Assets\StoreLogo.scale-150.png">
      <Filter>Assets</Filter>
    </Image>
    <Image Include="Assets\StoreLogo.scale-200.png">
      <Filter>Assets</Filter>
    </Image>
    <Image Include="Assets\StoreLogo.scale-400.png">
      <Filter>Assets</Filter>
    </Image>
    <Image Include="Assets\SmallTile.scale-100.png">
      <Filter>Assets</Filter>
    </Image>
    <Image Include="Assets\SmallTile.scale-125.png">
      <Filter>Assets</Filter>
    </Image>
    <Image Include="Assets\SmallTile.scale-150.png">
      <Filter>Assets</Filter>
    </Image>
    <Image Include="Assets\SmallTile.scale-200.png">
      <Filter>Assets</Filter>
    </Image>
    <Image Include="Assets\SmallTile.scale-400.png">
      <Filter>Assets</Filter>
    </Image>
    <Image Include="Assets\Wide310x150Logo.scale-100.png">
      <Filter>Assets</Filter>
    </Image>
    <Image Include="Assets\Wide310x150Logo.scale-125.png">
      <Filter>Assets</Filter>
    </Image>
    <Image Include="Assets\Wide310x150Logo.scale-150.png">
      <Filter>Assets</Filter>
    </Image>
    <Image Include="Assets\Wide310x150Logo.scale-400.png">
      <Filter>Assets</Filter>
    </Image>
  </ItemGroup>
  <ItemGroup>
    <AppxManifest Include="Package.appxmanifest" />
  </ItemGroup>
  <ItemGroup>
    <Page Include="MainPage.xaml" />
    <Page Include="LoginPage.xaml" />
    <Page Include="LibraryPage.xaml" />
    <Page Include="ArtistsPage.xaml" />
    <Page Include="AlbumsPage.xaml" />
    <Page Include="TracksPage.xaml" />
    <Page Include="SettingsPage.xaml" />
    <Page Include="UI\Templates\DeviceTemplates.xaml" />
    <Page Include="UI\Themes\ThemeResources.xaml" />
    <Page Include="UI\Controls\ThumbnailView.xaml">
      <Filter>UI\Controls</Filter>
    </Page>
  </ItemGroup>
  <ItemGroup>
    <None Include="agents.md" />
    <None Include="Package.appxmanifest.modified" />
    <None Include="packages.config" />
    <None Include="Opal.pfx" />
  </ItemGroup>
</Project>