<?xml version="1.0" encoding="utf-8"?>
<Project ToolsVersion="15.0" xmlns="http://schemas.microsoft.com/developer/msbuild/2003">
  <ItemGroup>
    <Filter Include="Common">
      <UniqueIdentifier>77775dae-b3d0-42de-a2cd-94389b8887b7</UniqueIdentifier>
    </Filter>
    <Filter Include="Assets">
      <UniqueIdentifier>2b9bffcf-a8cd-4f8b-9865-d2714c06789b</UniqueIdentifier>
      <Extensions>bmp;fbx;gif;jpg;jpeg;tga;tiff;tif;png</Extensions>
    </Filter>
  </ItemGroup>
  <ItemGroup>
    <ApplicationDefinition Include="App.xaml" />
  </ItemGroup>
  <ItemGroup>
    <ClCompile Include="pch.cpp" />
    <ClCompile Include="Services\SettingsService.cpp" />
    <ClCompile Include="Services\NavidromeService.cpp" />
    <ClCompile Include="Services\LyricsService.cpp" />
    <ClCompile Include="ViewModels\LyricsViewModel.cpp" />
    <ClCompile Include="ArtistsPage.xaml.cpp" />
    <ClCompile Include="AlbumsPage.xaml.cpp" />
  </ItemGroup>
  <ItemGroup>
    <ClInclude Include="pch.h" />
    <ClInclude Include="Services\SettingsService.h" />
    <ClInclude Include="Services\NavidromeService.h" />
    <ClInclude Include="Models\LyricLine.h" />
    <ClInclude Include="Services\LyricsService.h" />
    <ClInclude Include="ViewModels\LyricsViewModel.h" />
    <ClInclude Include="Models\SharedModels.h" />
    <ClInclude Include="ArtistsPage.xaml.h" />
    <ClInclude Include="AlbumsPage.xaml.h" />
  </ItemGroup>
  <ItemGroup>
    <Image Include="Assets\LockScreenLogo.scale-200.png">
      <Filter>Assets</Filter>
    </Image>
    <Image Include="Assets\SplashScreen.scale-200.png">
      <Filter>Assets</Filter>
    </Image>
    <Image Include="Assets\Square150x150Logo.scale-200.png">
      <Filter>Assets</Filter>
    </Image>
    <Image Include="Assets\Square44x44Logo.scale-200.png">
      <Filter>Assets</Filter>
    </Image>
    <Image Include="Assets\Square44x44Logo.targetsize-24_altform-unplated.png">
      <Filter>Assets</Filter>
    </Image>
    <Image Include="Assets\StoreLogo.png">
      <Filter>Assets</Filter>
    </Image>
    <Image Include="Assets\Wide310x150Logo.scale-200.png">
      <Filter>Assets</Filter>
    </Image>
    <Image Include="Assets\LargeTile.scale-100.png">
      <Filter>Assets</Filter>
    </Image>
    <Image Include="Assets\LargeTile.scale-125.png">
      <Filter>Assets</Filter>
    </Image>
    <Image Include="Assets\LargeTile.scale-150.png">
      <Filter>Assets</Filter>
    </Image>
    <Image Include="Assets\LargeTile.scale-200.png">
      <Filter>Assets</Filter>
    </Image>
    <Image Include="Assets\LargeTile.scale-400.png">
      <Filter>Assets</Filter>
    </Image>
    <Image Include="Assets\Square310x310Logo.scale-100.png">
      <Filter>Assets</Filter>
    </Image>
  </ItemGroup>
  <ItemGroup>
    <AppxManifest Include="Package.appxmanifest" />
  </ItemGroup>
  <ItemGroup>
    <Page Include="MainPage.xaml" />
    <Page Include="LoginPage.xaml" />
    <Page Include="LibraryPage.xaml" />
    <Page Include="ArtistsPage.xaml" />
    <Page Include="AlbumsPage.xaml" />
  </ItemGroup>
  <ItemGroup>
    <None Include="agents.md" />
    <None Include="Package.appxmanifest.modified" />
    <None Include="Opal_TemporaryKey.pfx" />
    <None Include="packages.config" />
  </ItemGroup>
</Project>