<Solution>
  <Configurations>
    <Platform Name="ARM64" />
    <Platform Name="x64" />
    <Platform Name="x86" />
  </Configurations>
  <Project Path="Opal.vcxproj" Id="77775dae-b3d0-42de-a2cd-94389b8887b7">
    <BuildType Solution="Debug|x64" Project="Release" />
    <Deploy />
  </Project>
  <Project Path="Opal.AudioDSP/Opal.AudioDSP.vcxproj" Id="A1B2C3D4-E5F6-4789-A1B2-C3D4E5F6A7B8" />
</Solution>
